[[package]]
name = "black"
version = "22.1.0"
description = "The uncompromising code formatter."
category = "dev"
optional = false
python-versions = ">=3.6.2"

[package.dependencies]
click = ">=8.0.0"
mypy-extensions = ">=0.4.3"
pathspec = ">=0.9.0"
platformdirs = ">=2"
tomli = ">=1.1.0"
typing-extensions = {version = ">=3.10.0.0", markers = "python_version < \"3.10\""}

[package.extras]
colorama = ["colorama (>=0.4.3)"]
d = ["aiohttp (>=3.7.4)"]
jupyter = ["ipython (>=7.8.0)", "tokenize-rt (>=3.2.0)"]
uvloop = ["uvloop (>=0.15.2)"]

[[package]]
name = "certifi"
version = "2021.10.8"
description = "Python package for providing Mozilla's CA Bundle."
category = "main"
optional = false
python-versions = "*"

[[package]]
name = "charset-normalizer"
version = "2.0.12"
description = "The Real First Universal Charset Detector. Open, modern and actively maintained alternative to Chardet."
category = "main"
optional = false
python-versions = ">=3.5.0"

[package.extras]
unicode_backport = ["unicodedata2"]

[[package]]
name = "click"
version = "8.0.4"
description = "Composable command line interface toolkit"
category = "dev"
optional = false
python-versions = ">=3.6"

[package.dependencies]
colorama = {version = "*", markers = "platform_system == \"Windows\""}

[[package]]
name = "colorama"
version = "0.4.4"
description = "Cross-platform colored terminal text."
category = "dev"
optional = false
python-versions = ">=2.7, !=3.0.*, !=3.1.*, !=3.2.*, !=3.3.*, !=3.4.*"

[[package]]
name = "docutils"
version = "0.18.1"
description = "Docutils -- Python Documentation Utilities"
category = "main"
optional = false
python-versions = ">=2.7, !=3.0.*, !=3.1.*, !=3.2.*, !=3.3.*, !=3.4.*"

[[package]]
name = "idna"
version = "3.3"
description = "Internationalized Domain Names in Applications (IDNA)"
category = "main"
optional = false
python-versions = ">=3.5"

[[package]]
name = "isort"
version = "5.10.1"
description = "A Python utility / library to sort Python imports."
category = "dev"
optional = false
python-versions = ">=3.6.1,<4.0"

[package.extras]
pipfile_deprecated_finder = ["pipreqs", "requirementslib"]
requirements_deprecated_finder = ["pipreqs", "pip-api"]
colors = ["colorama (>=0.4.3,<0.5.0)"]
plugins = ["setuptools"]

[[package]]
name = "kivy"
version = "2.0.0"
description = "A software library for rapid development of hardware-accelerated multitouch applications."
category = "main"
optional = false
python-versions = "*"

[package.dependencies]
docutils = "*"
"kivy-deps.angle" = {version = ">=0.3.0,<0.4.0", markers = "sys_platform == \"win32\""}
"kivy-deps.glew" = {version = ">=0.3.0,<0.4.0", markers = "sys_platform == \"win32\""}
"kivy-deps.sdl2" = {version = ">=0.3.1,<0.4.0", markers = "sys_platform == \"win32\""}
Kivy-Garden = ">=0.1.4"
pygments = "*"
pypiwin32 = {version = "*", markers = "sys_platform == \"win32\""}

[package.extras]
angle = ["kivy-deps.angle (>=0.3.0,<0.4.0)"]
base = ["pillow", "docutils", "pygments", "kivy-deps.angle (>=0.3.0,<0.4.0)", "kivy-deps.sdl2 (>=0.3.1,<0.4.0)", "kivy-deps.glew (>=0.3.0,<0.4.0)", "pypiwin32"]
dev = ["pytest (>=3.6)", "pytest-cov", "pytest-asyncio (!=0.11.0)", "pytest-timeout", "pyinstaller", "sphinx", "sphinxcontrib-blockdiag", "sphinxcontrib-seqdiag", "sphinxcontrib-actdiag", "sphinxcontrib-nwdiag", "flake8", "kivy-deps.gstreamer-dev (>=0.3.1,<0.4.0)", "kivy-deps.sdl2-dev (>=0.3.1,<0.4.0)", "kivy-deps.glew-dev (>=0.3.0,<0.4.0)"]
full = ["pillow", "docutils", "pygments", "ffpyplayer", "kivy-deps.gstreamer (>=0.3.1,<0.4.0)", "kivy-deps.angle (>=0.3.0,<0.4.0)", "kivy-deps.sdl2 (>=0.3.1,<0.4.0)", "kivy-deps.glew (>=0.3.0,<0.4.0)", "pypiwin32"]
glew = ["kivy-deps.glew (>=0.3.0,<0.4.0)"]
gstreamer = ["kivy-deps.gstreamer (>=0.3.1,<0.4.0)"]
media = ["ffpyplayer", "kivy-deps.gstreamer (>=0.3.1,<0.4.0)"]
sdl2 = ["kivy-deps.sdl2 (>=0.3.1,<0.4.0)"]
tuio = ["oscpy"]

[[package]]
name = "kivy-deps.angle"
version = "0.3.2"
description = "Repackaged binary dependency of Kivy."
category = "main"
optional = false
python-versions = "*"

[[package]]
name = "kivy-deps.glew"
version = "0.3.1"
description = "Repackaged binary dependency of Kivy."
category = "main"
optional = false
python-versions = "*"

[[package]]
name = "kivy-deps.sdl2"
version = "0.3.1"
description = "Repackaged binary dependency of Kivy."
category = "main"
optional = false
python-versions = "*"

[[package]]
name = "kivy-garden"
version = "0.1.4"
description = "Garden tool for kivy flowers."
category = "main"
optional = false
python-versions = "*"

[package.dependencies]
requests = "*"

[[package]]
name = "mypy-extensions"
version = "0.4.3"
description = "Experimental type system extensions for programs checked with the mypy typechecker."
category = "dev"
optional = false
python-versions = "*"

[[package]]
name = "natsort"
version = "8.1.0"
description = "Simple yet flexible natural sorting in Python."
category = "main"
optional = false
python-versions = ">=3.6"

[package.extras]
fast = ["fastnumbers (>=2.0.0)"]
icu = ["PyICU (>=1.0.0)"]

[[package]]
name = "pathspec"
version = "0.9.0"
description = "Utility library for gitignore style pattern matching of file paths."
category = "dev"
optional = false
python-versions = "!=3.0.*,!=3.1.*,!=3.2.*,!=3.3.*,!=3.4.*,>=2.7"

[[package]]
name = "platformdirs"
version = "2.5.1"
description = "A small Python module for determining appropriate platform-specific dirs, e.g. a \"user data dir\"."
category = "dev"
optional = false
python-versions = ">=3.7"

[package.extras]
docs = ["Sphinx (>=4)", "furo (>=2021.7.5b38)", "proselint (>=0.10.2)", "sphinx-autodoc-typehints (>=1.12)"]
test = ["appdirs (==1.4.4)", "pytest (>=6)", "pytest-cov (>=2.7)", "pytest-mock (>=3.6)"]

[[package]]
name = "plyer"
version = "2.0.0"
description = "Platform-independent wrapper for platform-dependent APIs"
category = "main"
optional = false
python-versions = "*"

[package.extras]
android = ["pyjnius"]
dev = ["mock", "flake8"]
ios = ["pyobjus"]
macosx = ["pyobjus"]

[[package]]
name = "pygments"
version = "2.11.2"
description = "Pygments is a syntax highlighting package written in Python."
category = "main"
optional = false
python-versions = ">=3.5"

[[package]]
name = "pypiwin32"
version = "223"
description = ""
category = "main"
optional = false
python-versions = "*"

[package.dependencies]
pywin32 = ">=223"

[[package]]
name = "pywin32"
version = "303"
description = "Python for Window Extensions"
category = "main"
optional = false
python-versions = "*"

[[package]]
name = "requests"
version = "2.27.1"
description = "Python HTTP for Humans."
category = "main"
optional = false
python-versions = ">=2.7, !=3.0.*, !=3.1.*, !=3.2.*, !=3.3.*, !=3.4.*, !=3.5.*"

[package.dependencies]
certifi = ">=2017.4.17"
charset-normalizer = {version = ">=2.0.0,<2.1.0", markers = "python_version >= \"3\""}
idna = {version = ">=2.5,<4", markers = "python_version >= \"3\""}
urllib3 = ">=1.21.1,<1.27"

[package.extras]
socks = ["PySocks (>=1.5.6,!=1.5.7)", "win-inet-pton"]
use_chardet_on_py3 = ["chardet (>=3.0.2,<5)"]

[[package]]
name = "tomli"
version = "2.0.1"
description = "A lil' TOML parser"
category = "dev"
optional = false
python-versions = ">=3.7"

[[package]]
name = "typing-extensions"
version = "4.1.1"
description = "Backported and Experimental Type Hints for Python 3.6+"
category = "dev"
optional = false
python-versions = ">=3.6"

[[package]]
name = "urllib3"
version = "1.26.8"
description = "HTTP library with thread-safe connection pooling, file post, and more."
category = "main"
optional = false
python-versions = ">=2.7, !=3.0.*, !=3.1.*, !=3.2.*, !=3.3.*, !=3.4.*, <4"

[package.extras]
brotli = ["brotlipy (>=0.6.0)"]
secure = ["pyOpenSSL (>=0.14)", "cryptography (>=1.3.4)", "idna (>=2.0.0)", "certifi", "ipaddress"]
socks = ["PySocks (>=1.5.6,!=1.5.7,<2.0)"]

[metadata]
lock-version = "1.1"
python-versions = "=3.9"
content-hash = "8082eb1d43c58ce31f2d7a08e70589c9ede3a3ecaae43e78c7b36379e1a981d6"

[metadata.files]
black = [
    {file = "black-22.1.0-cp310-cp310-macosx_10_9_universal2.whl", hash = "sha256:1297c63b9e1b96a3d0da2d85d11cd9bf8664251fd69ddac068b98dc4f34f73b6"},
    {file = "black-22.1.0-cp310-cp310-macosx_10_9_x86_64.whl", hash = "sha256:2ff96450d3ad9ea499fc4c60e425a1439c2120cbbc1ab959ff20f7c76ec7e866"},
    {file = "black-22.1.0-cp310-cp310-macosx_11_0_arm64.whl", hash = "sha256:0e21e1f1efa65a50e3960edd068b6ae6d64ad6235bd8bfea116a03b21836af71"},
    {file = "black-22.1.0-cp310-cp310-manylinux_2_17_x86_64.manylinux2014_x86_64.whl", hash = "sha256:e2f69158a7d120fd641d1fa9a921d898e20d52e44a74a6fbbcc570a62a6bc8ab"},
    {file = "black-22.1.0-cp310-cp310-win_amd64.whl", hash = "sha256:228b5ae2c8e3d6227e4bde5920d2fc66cc3400fde7bcc74f480cb07ef0b570d5"},
    {file = "black-22.1.0-cp36-cp36m-macosx_10_9_x86_64.whl", hash = "sha256:b1a5ed73ab4c482208d20434f700d514f66ffe2840f63a6252ecc43a9bc77e8a"},
    {file = "black-22.1.0-cp36-cp36m-manylinux_2_17_x86_64.manylinux2014_x86_64.whl", hash = "sha256:35944b7100af4a985abfcaa860b06af15590deb1f392f06c8683b4381e8eeaf0"},
    {file = "black-22.1.0-cp36-cp36m-win_amd64.whl", hash = "sha256:7835fee5238fc0a0baf6c9268fb816b5f5cd9b8793423a75e8cd663c48d073ba"},
    {file = "black-22.1.0-cp37-cp37m-macosx_10_9_x86_64.whl", hash = "sha256:dae63f2dbf82882fa3b2a3c49c32bffe144970a573cd68d247af6560fc493ae1"},
    {file = "black-22.1.0-cp37-cp37m-manylinux_2_17_x86_64.manylinux2014_x86_64.whl", hash = "sha256:5fa1db02410b1924b6749c245ab38d30621564e658297484952f3d8a39fce7e8"},
    {file = "black-22.1.0-cp37-cp37m-win_amd64.whl", hash = "sha256:c8226f50b8c34a14608b848dc23a46e5d08397d009446353dad45e04af0c8e28"},
    {file = "black-22.1.0-cp38-cp38-macosx_10_9_universal2.whl", hash = "sha256:2d6f331c02f0f40aa51a22e479c8209d37fcd520c77721c034517d44eecf5912"},
    {file = "black-22.1.0-cp38-cp38-macosx_10_9_x86_64.whl", hash = "sha256:742ce9af3086e5bd07e58c8feb09dbb2b047b7f566eb5f5bc63fd455814979f3"},
    {file = "black-22.1.0-cp38-cp38-macosx_11_0_arm64.whl", hash = "sha256:fdb8754b453fb15fad3f72cd9cad3e16776f0964d67cf30ebcbf10327a3777a3"},
    {file = "black-22.1.0-cp38-cp38-manylinux_2_17_x86_64.manylinux2014_x86_64.whl", hash = "sha256:f5660feab44c2e3cb24b2419b998846cbb01c23c7fe645fee45087efa3da2d61"},
    {file = "black-22.1.0-cp38-cp38-win_amd64.whl", hash = "sha256:6f2f01381f91c1efb1451998bd65a129b3ed6f64f79663a55fe0e9b74a5f81fd"},
    {file = "black-22.1.0-cp39-cp39-macosx_10_9_universal2.whl", hash = "sha256:efbadd9b52c060a8fc3b9658744091cb33c31f830b3f074422ed27bad2b18e8f"},
    {file = "black-22.1.0-cp39-cp39-macosx_10_9_x86_64.whl", hash = "sha256:8871fcb4b447206904932b54b567923e5be802b9b19b744fdff092bd2f3118d0"},
    {file = "black-22.1.0-cp39-cp39-macosx_11_0_arm64.whl", hash = "sha256:ccad888050f5393f0d6029deea2a33e5ae371fd182a697313bdbd835d3edaf9c"},
    {file = "black-22.1.0-cp39-cp39-manylinux_2_17_x86_64.manylinux2014_x86_64.whl", hash = "sha256:07e5c049442d7ca1a2fc273c79d1aecbbf1bc858f62e8184abe1ad175c4f7cc2"},
    {file = "black-22.1.0-cp39-cp39-win_amd64.whl", hash = "sha256:373922fc66676133ddc3e754e4509196a8c392fec3f5ca4486673e685a421321"},
    {file = "black-22.1.0-py3-none-any.whl", hash = "sha256:3524739d76b6b3ed1132422bf9d82123cd1705086723bc3e235ca39fd21c667d"},
    {file = "black-22.1.0.tar.gz", hash = "sha256:a7c0192d35635f6fc1174be575cb7915e92e5dd629ee79fdaf0dcfa41a80afb5"},
]
certifi = [
    {file = "certifi-2021.10.8-py2.py3-none-any.whl", hash = "sha256:d62a0163eb4c2344ac042ab2bdf75399a71a2d8c7d47eac2e2ee91b9d6339569"},
    {file = "certifi-2021.10.8.tar.gz", hash = "sha256:78884e7c1d4b00ce3cea67b44566851c4343c120abd683433ce934a68ea58872"},
]
charset-normalizer = [
    {file = "charset-normalizer-2.0.12.tar.gz", hash = "sha256:2857e29ff0d34db842cd7ca3230549d1a697f96ee6d3fb071cfa6c7393832597"},
    {file = "charset_normalizer-2.0.12-py3-none-any.whl", hash = "sha256:6881edbebdb17b39b4eaaa821b438bf6eddffb4468cf344f09f89def34a8b1df"},
]
click = [
    {file = "click-8.0.4-py3-none-any.whl", hash = "sha256:6a7a62563bbfabfda3a38f3023a1db4a35978c0abd76f6c9605ecd6554d6d9b1"},
    {file = "click-8.0.4.tar.gz", hash = "sha256:8458d7b1287c5fb128c90e23381cf99dcde74beaf6c7ff6384ce84d6fe090adb"},
]
colorama = [
    {file = "colorama-0.4.4-py2.py3-none-any.whl", hash = "sha256:9f47eda37229f68eee03b24b9748937c7dc3868f906e8ba69fbcbdd3bc5dc3e2"},
    {file = "colorama-0.4.4.tar.gz", hash = "sha256:5941b2b48a20143d2267e95b1c2a7603ce057ee39fd88e7329b0c292aa16869b"},
]
docutils = [
    {file = "docutils-0.18.1-py2.py3-none-any.whl", hash = "sha256:23010f129180089fbcd3bc08cfefccb3b890b0050e1ca00c867036e9d161b98c"},
    {file = "docutils-0.18.1.tar.gz", hash = "sha256:679987caf361a7539d76e584cbeddc311e3aee937877c87346f31debc63e9d06"},
]
idna = [
    {file = "idna-3.3-py3-none-any.whl", hash = "sha256:84d9dd047ffa80596e0f246e2eab0b391788b0503584e8945f2368256d2735ff"},
    {file = "idna-3.3.tar.gz", hash = "sha256:9d643ff0a55b762d5cdb124b8eaa99c66322e2157b69160bc32796e824360e6d"},
]
isort = [
    {file = "isort-5.10.1-py3-none-any.whl", hash = "sha256:6f62d78e2f89b4500b080fe3a81690850cd254227f27f75c3a0c491a1f351ba7"},
    {file = "isort-5.10.1.tar.gz", hash = "sha256:e8443a5e7a020e9d7f97f1d7d9cd17c88bcb3bc7e218bf9cf5095fe550be2951"},
]
kivy = [
    {file = "Kivy-2.0.0-cp36-cp36m-macosx_10_14_x86_64.macosx_10_9_intel.macosx_10_9_x86_64.macosx_10_10_intel.macosx_10_10_x86_64.whl", hash = "sha256:256846daa1a35b54b00426f7468423a962c3d8f909d7e8c713acab55c3281dee"},
    {file = "Kivy-2.0.0-cp36-cp36m-manylinux2010_x86_64.whl", hash = "sha256:bfb6b801599eac5aa9388308119d42a637a495945c79e2e2a3f6ef60c563c770"},
    {file = "Kivy-2.0.0-cp36-cp36m-win32.whl", hash = "sha256:aae542f2c030d4d95f5a717b7c862cd9537b74b99010b08807db63fdd9b029e0"},
    {file = "Kivy-2.0.0-cp36-cp36m-win_amd64.whl", hash = "sha256:5bd7dba6b0bc1f71623fa734fd63e38038772336995a334718cf8474a877eb40"},
    {file = "Kivy-2.0.0-cp37-cp37m-macosx_10_14_x86_64.macosx_10_9_intel.macosx_10_9_x86_64.macosx_10_10_intel.macosx_10_10_x86_64.whl", hash = "sha256:ed1c3076d9ef1171f6076b3b97215e5c0bcea831ca308722677611a551f16b1b"},
    {file = "Kivy-2.0.0-cp37-cp37m-manylinux2010_x86_64.whl", hash = "sha256:eb1cc4c1e223e290d413a383ac864d29d098b8abba8e881159c7d1177c6579af"},
    {file = "Kivy-2.0.0-cp37-cp37m-win32.whl", hash = "sha256:ef3727a47a565e6ea486365ee310bfb0445fcf7f0ab40c1461cbf304973637eb"},
    {file = "Kivy-2.0.0-cp37-cp37m-win_amd64.whl", hash = "sha256:a4a693d6d1fc26928498512b9da797581e407543a644b4e0c92b9297ea2fbec9"},
    {file = "Kivy-2.0.0-cp38-cp38-macosx_10_14_x86_64.macosx_10_9_intel.macosx_10_9_x86_64.macosx_10_10_intel.macosx_10_10_x86_64.whl", hash = "sha256:eca7bde37a2cffffdcdde85ac385c2e55d776333db00be0497bf884f61022d24"},
    {file = "Kivy-2.0.0-cp38-cp38-manylinux2010_x86_64.whl", hash = "sha256:98ed5f46f05707a80e32a4fdd7e9fce4ac5f15da8fc83f91d5769dc66f137e20"},
    {file = "Kivy-2.0.0-cp38-cp38-win32.whl", hash = "sha256:7d736474c8075d6ee17203bd5bd42d74307239409442b27d5bcb3f3641ab0414"},
    {file = "Kivy-2.0.0-cp38-cp38-win_amd64.whl", hash = "sha256:86cf1f0e40ef411872c9dbc75fc1e17ec6579d1e55cafe286da6c67c07dba4cb"},
    {file = "Kivy-2.0.0-cp39-cp39-macosx_10_14_x86_64.macosx_10_9_intel.macosx_10_9_x86_64.macosx_10_10_intel.macosx_10_10_x86_64.whl", hash = "sha256:23a7538f9c02e5d7f82f0b92d7fd313fa21ee8f0bd9890283fc7e7b02090f101"},
    {file = "Kivy-2.0.0-cp39-cp39-manylinux2010_x86_64.whl", hash = "sha256:802982bbc7ff45bc2fa8af3816008252a3e63ded949a9f5ed6d361ecb3cfc2b7"},
    {file = "Kivy-2.0.0-cp39-cp39-win32.whl", hash = "sha256:3e739c04d3a2f38cb76779d721487131cff8ed84dbc1730d5025d62306bf6e52"},
    {file = "Kivy-2.0.0-cp39-cp39-win_amd64.whl", hash = "sha256:8973ed9f0cb0d9ef0f3a520841c61c0093788a7382e8ebe7c108ec03766d9fef"},
    {file = "Kivy-2.0.0.tar.gz", hash = "sha256:d25e44eb44e43762b2fd0c5874e51954e0f1181fd9800d8a6756be6d084812d8"},
]
"kivy-deps.angle" = [
    {file = "kivy_deps.angle-0.3.2-cp310-cp310-win32.whl", hash = "sha256:b7c78cadc20978185caf1a12faa98188c6ad9b4cb70245e0bff8d56c3da84f64"},
    {file = "kivy_deps.angle-0.3.2-cp310-cp310-win_amd64.whl", hash = "sha256:4fe686fdee42953a444297bc162d8f3659f10aad21a4116fe3c078c940f04419"},
    {file = "kivy_deps.angle-0.3.2-cp37-cp37m-win32.whl", hash = "sha256:b38e4da8dbe5933f56b0386561d89145b345bebaa61a1025d9f0988c99df3f7c"},
    {file = "kivy_deps.angle-0.3.2-cp37-cp37m-win_amd64.whl", hash = "sha256:b109ce35c4d54613f91f5c033f82ff0816a1bc96d86b259cda4cb81c912f2888"},
    {file = "kivy_deps.angle-0.3.2-cp38-cp38-win32.whl", hash = "sha256:f85c5d148b875418d4198e0f4a03da2c44fa40baf919d2eccdd7ea47a98f36e0"},
    {file = "kivy_deps.angle-0.3.2-cp38-cp38-win_amd64.whl", hash = "sha256:27055e3a641a013b3415b46b46cc17e549fdacd3677b7a7c583dd0d8488200c1"},
    {file = "kivy_deps.angle-0.3.2-cp39-cp39-win32.whl", hash = "sha256:f4fa1548d9a74043848979d0947be32c879fc3ac0cf0adab9f727ae1806441c0"},
    {file = "kivy_deps.angle-0.3.2-cp39-cp39-win_amd64.whl", hash = "sha256:e9f11c08a8994f898205d999a85705e102488264f4d2aa62303e51e01ccdc125"},
]
"kivy-deps.glew" = [
    {file = "kivy_deps.glew-0.3.1-cp310-cp310-win32.whl", hash = "sha256:8f4b3ed15acb62474909b6d41661ffb4da9eb502bb5684301fb2da668f288a58"},
    {file = "kivy_deps.glew-0.3.1-cp310-cp310-win_amd64.whl", hash = "sha256:aef2d2a93f129d8425c75234e7f6cc0a34b59a4aee67f6d2cd7a5fdfa9915b53"},
    {file = "kivy_deps.glew-0.3.1-cp37-cp37m-win32.whl", hash = "sha256:5bf6a63fe9cc4fe7bbf280ec267ec8c47914020a1175fb22152525ff1837b436"},
    {file = "kivy_deps.glew-0.3.1-cp37-cp37m-win_amd64.whl", hash = "sha256:d64a8625799fab7a7efeb3661ef8779a7f9c6d80da53eed87a956320f55530fa"},
    {file = "kivy_deps.glew-0.3.1-cp38-cp38-win32.whl", hash = "sha256:00f4ae0a4682d951266458ddb639451edb24baa54a35215dce889209daf19a06"},
    {file = "kivy_deps.glew-0.3.1-cp38-cp38-win_amd64.whl", hash = "sha256:3f8b89dcf1846032d7a9c5ef88b0ee9cbd13366e9b4c85ada61e01549a910677"},
    {file = "kivy_deps.glew-0.3.1-cp39-cp39-win32.whl", hash = "sha256:4e377ed97670dfda619a1b63a82345a8589be90e7c616a458fba2810708810b1"},
    {file = "kivy_deps.glew-0.3.1-cp39-cp39-win_amd64.whl", hash = "sha256:081a09b92f7e7817f489f8b6b31c9c9623661378de1dce1d6b097af5e7d42b45"},
]
"kivy-deps.sdl2" = [
    {file = "kivy_deps.sdl2-0.3.1-cp36-cp36m-win32.whl", hash = "sha256:549e6423f55216bc761a11ec91508eb6fe836ffb984c7a3c7a58b7543d8f8f77"},
    {file = "kivy_deps.sdl2-0.3.1-cp36-cp36m-win_amd64.whl", hash = "sha256:560de04f15f59e8e94955442b72d1a1164989d3d502b5a9d132437a4c229e52f"},
    {file = "kivy_deps.sdl2-0.3.1-cp37-cp37m-win32.whl", hash = "sha256:a7cee2215eb428b0be34c1da0fad806036b1382804c0e4ef62b19b11320c8462"},
    {file = "kivy_deps.sdl2-0.3.1-cp37-cp37m-win_amd64.whl", hash = "sha256:3e37948c010681e3f58c408940e62106226a2b1e5a2bf7764469cfd683025698"},
    {file = "kivy_deps.sdl2-0.3.1-cp38-cp38-win32.whl", hash = "sha256:e9ad50f2f469c8bd92720f547ab722cc36ef13c1a25ef78154b6ab90d48bd960"},
    {file = "kivy_deps.sdl2-0.3.1-cp38-cp38-win_amd64.whl", hash = "sha256:984e7fa9e1fe06fd902bb745e986300b65e00ba0eb4ecfe278f52a1915370cd0"},
    {file = "kivy_deps.sdl2-0.3.1-cp39-cp39-win32.whl", hash = "sha256:50726d6aeba460be1a9bd944ff0e763e58e122ef04b82ccbd03947ae7585cde4"},
    {file = "kivy_deps.sdl2-0.3.1-cp39-cp39-win_amd64.whl", hash = "sha256:4a5550410e2649b72984d294fb45564bc8d76fc0bef009406d8cb328d994855c"},
]
kivy-garden = [
    {file = "Kivy Garden-0.1.4.tar.gz", hash = "sha256:9b7d9de5efacbcd0c4b3dd873b30622a86093c9965aa47b523c7a32f3eb34610"},
    {file = "kivy-garden-0.1.4.tar.gz", hash = "sha256:c256f42788421273a08fbb0a228f0fb0e80dd86b629fb8c0920507f645be6c72"},
]
mypy-extensions = [
    {file = "mypy_extensions-0.4.3-py2.py3-none-any.whl", hash = "sha256:090fedd75945a69ae91ce1303b5824f428daf5a028d2f6ab8a299250a846f15d"},
    {file = "mypy_extensions-0.4.3.tar.gz", hash = "sha256:2d82818f5bb3e369420cb3c4060a7970edba416647068eb4c5343488a6c604a8"},
]
natsort = [
    {file = "natsort-8.1.0-py3-none-any.whl", hash = "sha256:f59988d2f24e77b6b56f8a8f882d5df6b3b637e09e075abc67b486d59fba1a4b"},
    {file = "natsort-8.1.0.tar.gz", hash = "sha256:c7c1f3f27c375719a4dfcab353909fe39f26c2032a062a8c80cc844eaaca0445"},
]
pathspec = [
    {file = "pathspec-0.9.0-py2.py3-none-any.whl", hash = "sha256:7d15c4ddb0b5c802d161efc417ec1a2558ea2653c2e8ad9c19098201dc1c993a"},
    {file = "pathspec-0.9.0.tar.gz", hash = "sha256:e564499435a2673d586f6b2130bb5b95f04a3ba06f81b8f895b651a3c76aabb1"},
]
platformdirs = [
    {file = "platformdirs-2.5.1-py3-none-any.whl", hash = "sha256:bcae7cab893c2d310a711b70b24efb93334febe65f8de776ee320b517471e227"},
    {file = "platformdirs-2.5.1.tar.gz", hash = "sha256:7535e70dfa32e84d4b34996ea99c5e432fa29a708d0f4e394bbcb2a8faa4f16d"},
]
plyer = [
    {file = "plyer-2.0.0-py2.py3-none-any.whl", hash = "sha256:d62a1e68622042e6b9367ba429844e989ea7b13035fd1befe66f385aaaba6de1"},
    {file = "plyer-2.0.0.tar.gz", hash = "sha256:8de38b17bc438df36eedeacd546cf05303ab871855af0669fc4e8df51f2adf94"},
]
pygments = [
    {file = "Pygments-2.11.2-py3-none-any.whl", hash = "sha256:44238f1b60a76d78fc8ca0528ee429702aae011c265fe6a8dd8b63049ae41c65"},
    {file = "Pygments-2.11.2.tar.gz", hash = "sha256:4e426f72023d88d03b2fa258de560726ce890ff3b630f88c21cbb8b2503b8c6a"},
]
pypiwin32 = [
    {file = "pypiwin32-223-py3-none-any.whl", hash = "sha256:67adf399debc1d5d14dffc1ab5acacb800da569754fafdc576b2a039485aa775"},
    {file = "pypiwin32-223.tar.gz", hash = "sha256:71be40c1fbd28594214ecaecb58e7aa8b708eabfa0125c8a109ebd51edbd776a"},
]
pywin32 = [
    {file = "pywin32-303-cp310-cp310-win32.whl", hash = "sha256:6fed4af057039f309263fd3285d7b8042d41507343cd5fa781d98fcc5b90e8bb"},
    {file = "pywin32-303-cp310-cp310-win_amd64.whl", hash = "sha256:51cb52c5ec6709f96c3f26e7795b0bf169ee0d8395b2c1d7eb2c029a5008ed51"},
    {file = "pywin32-303-cp311-cp311-win32.whl", hash = "sha256:d9b5d87ca944eb3aa4cd45516203ead4b37ab06b8b777c54aedc35975dec0dee"},
    {file = "pywin32-303-cp311-cp311-win_amd64.whl", hash = "sha256:fcf44032f5b14fcda86028cdf49b6ebdaea091230eb0a757282aa656e4732439"},
    {file = "pywin32-303-cp36-cp36m-win32.whl", hash = "sha256:aad484d52ec58008ca36bd4ad14a71d7dd0a99db1a4ca71072213f63bf49c7d9"},
    {file = "pywin32-303-cp36-cp36m-win_amd64.whl", hash = "sha256:2a09632916b6bb231ba49983fe989f2f625cea237219530e81a69239cd0c4559"},
    {file = "pywin32-303-cp37-cp37m-win32.whl", hash = "sha256:b1675d82bcf6dbc96363fca747bac8bff6f6e4a447a4287ac652aa4b9adc796e"},
    {file = "pywin32-303-cp37-cp37m-win_amd64.whl", hash = "sha256:c268040769b48a13367221fced6d4232ed52f044ffafeda247bd9d2c6bdc29ca"},
    {file = "pywin32-303-cp38-cp38-win32.whl", hash = "sha256:5f9ec054f5a46a0f4dfd72af2ce1372f3d5a6e4052af20b858aa7df2df7d355b"},
    {file = "pywin32-303-cp38-cp38-win_amd64.whl", hash = "sha256:793bf74fce164bcffd9d57bb13c2c15d56e43c9542a7b9687b4fccf8f8a41aba"},
    {file = "pywin32-303-cp39-cp39-win32.whl", hash = "sha256:7d3271c98434617a11921c5ccf74615794d97b079e22ed7773790822735cc352"},
    {file = "pywin32-303-cp39-cp39-win_amd64.whl", hash = "sha256:79cbb862c11b9af19bcb682891c1b91942ec2ff7de8151e2aea2e175899cda34"},
]
requests = [
    {file = "requests-2.27.1-py2.py3-none-any.whl", hash = "sha256:f22fa1e554c9ddfd16e6e41ac79759e17be9e492b3587efa038054674760e72d"},
    {file = "requests-2.27.1.tar.gz", hash = "sha256:68d7c56fd5a8999887728ef304a6d12edc7be74f1cfa47714fc8b414525c9a61"},
]
tomli = [
    {file = "tomli-2.0.1-py3-none-any.whl", hash = "sha256:939de3e7a6161af0c887ef91b7d41a53e7c5a1ca976325f429cb46ea9bc30ecc"},
    {file = "tomli-2.0.1.tar.gz", hash = "sha256:de526c12914f0c550d15924c62d72abc48d6fe7364aa87328337a31007fe8a4f"},
]
typing-extensions = [
    {file = "typing_extensions-4.1.1-py3-none-any.whl", hash = "sha256:21c85e0fe4b9a155d0799430b0ad741cdce7e359660ccbd8b530613e8df88ce2"},
    {file = "typing_extensions-4.1.1.tar.gz", hash = "sha256:1a9462dcc3347a79b1f1c0271fbe79e844580bb598bafa1ed208b94da3cdcd42"},
]
urllib3 = [
    {file = "urllib3-1.26.8-py2.py3-none-any.whl", hash = "sha256:000ca7f471a233c2251c6c7023ee85305721bfdf18621ebff4fd17a8653427ed"},
    {file = "urllib3-1.26.8.tar.gz", hash = "sha256:0e7c33d9a63e7ddfcb86780aac87befc2fbddf46c58dbb487e0855f7ceec283c"},
]
